// !$*UTF8*$!
{
	archiveVersion = 1;
	classes = {
	};
	objectVersion = 48;
	objects = {

/* Begin PBXBuildFile section */
		D494080C1FDD5CC6006D7F1D /* AppDelegate.m in Sources */ = {isa = PBXBuildFile; fileRef = D494080B1FDD5CC6006D7F1D /* AppDelegate.m */; };
		D494080F1FDD5CC6006D7F1D /* ViewController.m in Sources */ = {isa = PBXBuildFile; fileRef = D494080E1FDD5CC6006D7F1D /* ViewController.m */; };
		D49408121FDD5CC6006D7F1D /* Main.storyboard in Resources */ = {isa = PBXBuildFile; fileRef = D49408101FDD5CC6006D7F1D /* Main.storyboard */; };
		D49408141FDD5CC6006D7F1D /* Assets.xcassets in Resources */ = {isa = PBXBuildFile; fileRef = D49408131FDD5CC6006D7F1D /* Assets.xcassets */; };
		D49408171FDD5CC6006D7F1D /* LaunchScreen.storyboard in Resources */ = {isa = PBXBuildFile; fileRef = D49408151FDD5CC6006D7F1D /* LaunchScreen.storyboard */; };
		D494081A1FDD5CC6006D7F1D /* main.m in Sources */ = {isa = PBXBuildFile; fileRef = D49408191FDD5CC6006D7F1D /* main.m */; };
/* End PBXBuildFile section */

/* Begin PBXFileReference section */
		D49408071FDD5CC6006D7F1D /* SendDetailsByURLScema.app */ = {isa = PBXFileReference; explicitFileType = wrapper.application; includeInIndex = 0; path = SendDetailsByURLScema.app; sourceTree = BUILT_PRODUCTS_DIR; };
		D494080A1FDD5CC6006D7F1D /* AppDelegate.h */ = {isa = PBXFileReference; lastKnownFileType = sourcecode.c.h; path = AppDelegate.h; sourceTree = "<group>"; };
		D494080B1FDD5CC6006D7F1D /* AppDelegate.m */ = {isa = PBXFileReference; lastKnownFileType = sourcecode.c.objc; path = AppDelegate.m; sourceTree = "<group>"; };
		D494080D1FDD5CC6006D7F1D /* ViewController.h */ = {isa = PBXFileReference; lastKnownFileType = sourcecode.c.h; path = ViewController.h; sourceTree = "<group>"; };
		D494080E1FDD5CC6006D7F1D /* ViewController.m */ = {isa = PBXFileReference; lastKnownFileType = sourcecode.c.objc; path = ViewController.m; sourceTree = "<group>"; };
		D49408111FDD5CC6006D7F1D /* Base */ = {isa = PBXFileReference; lastKnownFileType = file.storyboard; name = Base; path = Base.lproj/Main.storyboard; sourceTree = "<group>"; };
		D49408131FDD5CC6006D7F1D /* Assets.xcassets */ = {isa = PBXFileReference; lastKnownFileType = folder.assetcatalog; path = Assets.xcassets; sourceTree = "<group>"; };
		D49408161FDD5CC6006D7F1D /* Base */ = {isa = PBXFileReference; lastKnownFileType = file.storyboard; name = Base; path = Base.lproj/LaunchScreen.storyboard; sourceTree = "<group>"; };
		D49408181FDD5CC6006D7F1D /* Info.plist */ = {isa = PBXFileReference; lastKnownFileType = text.plist.xml; path = Info.plist; sourceTree = "<group>"; };
		D49408191FDD5CC6006D7F1D /* main.m */ = {isa = PBXFileReference; lastKnownFileType = sourcecode.c.objc; path = main.m; sourceTree = "<group>"; };
/* End PBXFileReference section */

/* Begin PBXFrameworksBuildPhase section */
		D49408041FDD5CC6006D7F1D /* Frameworks */ = {
			isa = PBXFrameworksBuildPhase;
			buildActionMask = 2147483647;
			files = (
			);
			runOnlyForDeploymentPostprocessing = 0;
		};
/* End PBXFrameworksBuildPhase section */

/* Begin PBXGroup section */
		D49407FE1FDD5CC6006D7F1D = {
			isa = PBXGroup;
			children = (
				D49408091FDD5CC6006D7F1D /* SendDetailsByURLScema */,
				D49408081FDD5CC6006D7F1D /* Products */,
			);
			sourceTree = "<group>";
		};
		D49408081FDD5CC6006D7F1D /* Products */ = {
			isa = PBXGroup;
			children = (
				D49408071FDD5CC6006D7F1D /* SendDetailsByURLScema.app */,
			);
			name = Products;
			sourceTree = "<group>";
		};
		D49408091FDD5CC6006D7F1D /* SendDetailsByURLScema */ = {
			isa = PBXGroup;
			children = (
				D494080A1FDD5CC6006D7F1D /* AppDelegate.h */,
				D494080B1FDD5CC6006D7F1D /* AppDelegate.m */,
				D494080D1FDD5CC6006D7F1D /* ViewController.h */,
				D494080E1FDD5CC6006D7F1D /* ViewController.m */,
				D49408101FDD5CC6006D7F1D /* Main.storyboard */,
				D49408131FDD5CC6006D7F1D /* Assets.xcassets */,
				D49408151FDD5CC6006D7F1D /* LaunchScreen.storyboard */,
				D49408181FDD5CC6006D7F1D /* Info.plist */,
				D49408191FDD5CC6006D7F1D /* main.m */,
			);
			path = SendDetailsByURLScema;
			sourceTree = "<group>";
		};
/* End PBXGroup section */

/* Begin PBXNativeTarget section */
		D49408061FDD5CC6006D7F1D /* SendDetailsByURLScema */ = {
			isa = PBXNativeTarget;
			buildConfigurationList = D494081D1FDD5CC6006D7F1D /* Build configuration list for PBXNativeTarget "SendDetailsByURLScema" */;
			buildPhases = (
				D49408031FDD5CC6006D7F1D /* Sources */,
				D49408041FDD5CC6006D7F1D /* Frameworks */,
				D49408051FDD5CC6006D7F1D /* Resources */,
			);
			buildRules = (
			);
			dependencies = (
			);
			name = SendDetailsByURLScema;
			productName = SendDetailsByURLScema;
			productReference = D49408071FDD5CC6006D7F1D /* SendDetailsByURLScema.app */;
			productType = "com.apple.product-type.application";
		};
/* End PBXNativeTarget section */

/* Begin PBXProject section */
		D49407FF1FDD5CC6006D7F1D /* Project object */ = {
			isa = PBXProject;
			attributes = {
				LastUpgradeCheck = 0920;
				ORGANIZATIONNAME = "Pawan Kumar";
				TargetAttributes = {
					D49408061FDD5CC6006D7F1D = {
						CreatedOnToolsVersion = 9.2;
						ProvisioningStyle = Automatic;
					};
				};
			};
			buildConfigurationList = D49408021FDD5CC6006D7F1D /* Build configuration list for PBXProject "SendDetailsByURLScema" */;
			compatibilityVersion = "Xcode 8.0";
			developmentRegion = en;
			hasScannedForEncodings = 0;
			knownRegions = (
				en,
				Base,
			);
			mainGroup = D49407FE1FDD5CC6006D7F1D;
			productRefGroup = D49408081FDD5CC6006D7F1D /* Products */;
			projectDirPath = "";
			projectRoot = "";
			targets = (
				D49408061FDD5CC6006D7F1D /* SendDetailsByURLScema */,
			);
		};
/* End PBXProject section */

/* Begin PBXResourcesBuildPhase section */
		D49408051FDD5CC6006D7F1D /* Resources */ = {
			isa = PBXResourcesBuildPhase;
			buildActionMask = 2147483647;
			files = (
				D49408171FDD5CC6006D7F1D /* LaunchScreen.storyboard in Resources */,
				D49408141FDD5CC6006D7F1D /* Assets.xcassets in Resources */,
				D49408121FDD5CC6006D7F1D /* Main.storyboard in Resources */,
			);
			runOnlyForDeploymentPostprocessing = 0;
		};
/* End PBXResourcesBuildPhase section */

/* Begin PBXSourcesBuildPhase section */
		D49408031FDD5CC6006D7F1D /* Sources */ = {
			isa = PBXSourcesBuildPhase;
			buildActionMask = 2147483647;
			files = (
				D494080F1FDD5CC6006D7F1D /* ViewController.m in Sources */,
				D494081A1FDD5CC6006D7F1D /* main.m in Sources */,
				D494080C1FDD5CC6006D7F1D /* AppDelegate.m in Sources */,
			);
			runOnlyForDeploymentPostprocessing = 0;
		};
/* End PBXSourcesBuildPhase section */

/* Begin PBXVariantGroup section */
		D49408101FDD5CC6006D7F1D /* Main.storyboard */ = {
			isa = PBXVariantGroup;
			children = (
				D49408111FDD5CC6006D7F1D /* Base */,
			);
			name = Main.storyboard;
			sourceTree = "<group>";
		};
		D49408151FDD5CC6006D7F1D /* LaunchScreen.storyboard */ = {
			isa = PBXVariantGroup;
			children = (
				D49408161FDD5CC6006D7F1D /* Base */,
			);
			name = LaunchScreen.storyboard;
			sourceTree = "<group>";
		};
/* End PBXVariantGroup section */

/* Begin XCBuildConfiguration section */
		D494081B1FDD5CC6006D7F1D /* Debug */ = {
			isa = XCBuildConfiguration;
			buildSettings = {
				ALWAYS_SEARCH_USER_PATHS = NO;
				CLANG_ANALYZER_NONNULL = YES;
				CLANG_ANALYZER_NUMBER_OBJECT_CONVERSION = YES_AGGRESSIVE;
				CLANG_CXX_LANGUAGE_STANDARD = "gnu++14";
				CLANG_CXX_LIBRARY = "libc++";
				CLANG_ENABLE_MODULES = YES;
				CLANG_ENABLE_OBJC_ARC = YES;
				CLANG_WARN_BLOCK_CAPTURE_AUTORELEASING = YES;
				CLANG_WARN_BOOL_CONVERSION = YES;
				CLANG_WARN_COMMA = YES;
				CLANG_WARN_CONSTANT_CONVERSION = YES;
				CLANG_WARN_DIRECT_OBJC_ISA_USAGE = YES_ERROR;
				CLANG_WARN_DOCUMENTATION_COMMENTS = YES;
				CLANG_WARN_EMPTY_BODY = YES;
				CLANG_WARN_ENUM_CONVERSION = YES;
				CLANG_WARN_INFINITE_RECURSION = YES;
				CLANG_WARN_INT_CONVERSION = YES;
				CLANG_WARN_NON_LITERAL_NULL_CONVERSION = YES;
				CLANG_WARN_OBJC_LITERAL_CONVERSION = YES;
				CLANG_WARN_OBJC_ROOT_CLASS = YES_ERROR;
				CLANG_WARN_RANGE_LOOP_ANALYSIS = YES;
				CLANG_WARN_STRICT_PROTOTYPES = YES;
				CLANG_WARN_SUSPICIOUS_MOVE = YES;
				CLANG_WARN_UNGUARDED_AVAILABILITY = YES_AGGRESSIVE;
				CLANG_WARN_UNREACHABLE_CODE = YES;
				CLANG_WARN__DUPLICATE_METHOD_MATCH = YES;
				CODE_SIGN_IDENTITY = "iPhone Developer";
				COPY_PHASE_STRIP = NO;
				DEBUG_INFORMATION_FORMAT = dwarf;
				ENABLE_STRICT_OBJC_MSGSEND = YES;
				ENABLE_TESTABILITY = YES;
				GCC_C_LANGUAGE_STANDARD = gnu11;
				GCC_DYNAMIC_NO_PIC = NO;
				GCC_NO_COMMON_BLOCKS = YES;
				GCC_OPTIMIZATION_LEVEL = 0;
				GCC_PREPROCESSOR_DEFINITIONS = (
					"DEBUG=1",
					"$(inherited)",
				);
				GCC_WARN_64_TO_32_BIT_CONVERSION = YES;
				GCC_WARN_ABOUT_RETURN_TYPE = YES_ERROR;
				GCC_WARN_UNDECLARED_SELECTOR = YES;
				GCC_WARN_UNINITIALIZED_AUTOS = YES_AGGRESSIVE;
				GCC_WARN_UNUSED_FUNCTION = YES;
				GCC_WARN_UNUSED_VARIABLE = YES;
				IPHONEOS_DEPLOYMENT_TARGET = 9.0;
				MTL_ENABLE_DEBUG_INFO = YES;
				ONLY_ACTIVE_ARCH = YES;
				SDKROOT = iphoneos;
			};
			name = Debug;
		};
		D494081C1FDD5CC6006D7F1D /* Release */ = {
			isa = XCBuildConfiguration;
			buildSettings = {
				ALWAYS_SEARCH_USER_PATHS = NO;
				CLANG_ANALYZER_NONNULL = YES;
				CLANG_ANALYZER_NUMBER_OBJECT_CONVERSION = YES_AGGRESSIVE;
				CLANG_CXX_LANGUAGE_STANDARD = "gnu++14";
				CLANG_CXX_LIBRARY = "libc++";
				CLANG_ENABLE_MODULES = YES;
				CLANG_ENABLE_OBJC_ARC = YES;
				CLANG_WARN_BLOCK_CAPTURE_AUTORELEASING = YES;
				CLANG_WARN_BOOL_CONVERSION = YES;
				CLANG_WARN_COMMA = YES;
				CLANG_WARN_CONSTANT_CONVERSION = YES;
				CLANG_WARN_DIRECT_OBJC_ISA_USAGE = YES_ERROR;
				CLANG_WARN_DOCUMENTATION_COMMENTS = YES;
				CLANG_WARN_EMPTY_BODY = YES;
				CLANG_WARN_ENUM_CONVERSION = YES;
				CLANG_WARN_INFINITE_RECURSION = YES;
				CLANG_WARN_INT_CONVERSION = YES;
				CLANG_WARN_NON_LITERAL_NULL_CONVERSION = YES;
				CLANG_WARN_OBJC_LITERAL_CONVERSION = YES;
				CLANG_WARN_OBJC_ROOT_CLASS = YES_ERROR;
				CLANG_WARN_RANGE_LOOP_ANALYSIS = YES;
				CLANG_WARN_STRICT_PROTOTYPES = YES;
				CLANG_WARN_SUSPICIOUS_MOVE = YES;
				CLANG_WARN_UNGUARDED_AVAILABILITY = YES_AGGRESSIVE;
				CLANG_WARN_UNREACHABLE_CODE = YES;
				CLANG_WARN__DUPLICATE_METHOD_MATCH = YES;
				CODE_SIGN_IDENTITY = "iPhone Developer";
				COPY_PHASE_STRIP = NO;
				DEBUG_INFORMATION_FORMAT = "dwarf-with-dsym";
				ENABLE_NS_ASSERTIONS = NO;
				ENABLE_STRICT_OBJC_MSGSEND = YES;
				GCC_C_LANGUAGE_STANDARD = gnu11;
				GCC_NO_COMMON_BLOCKS = YES;
				GCC_WARN_64_TO_32_BIT_CONVERSION = YES;
				GCC_WARN_ABOUT_RETURN_TYPE = YES_ERROR;
				GCC_WARN_UNDECLARED_SELECTOR = YES;
				GCC_WARN_UNINITIALIZED_AUTOS = YES_AGGRESSIVE;
				GCC_WARN_UNUSED_FUNCTION = YES;
				GCC_WARN_UNUSED_VARIABLE = YES;
				IPHONEOS_DEPLOYMENT_TARGET = 9.0;
				MTL_ENABLE_DEBUG_INFO = NO;
				SDKROOT = iphoneos;
				VALIDATE_PRODUCT = YES;
			};
			name = Release;
		};
		D494081E1FDD5CC6006D7F1D /* Debug */ = {
			isa = XCBuildConfiguration;
			buildSettings = {
				ASSETCATALOG_COMPILER_APPICON_NAME = AppIcon;
				CODE_SIGN_STYLE = Automatic;
				DEVELOPMENT_TEAM = E638AEDMEK;
				INFOPLIST_FILE = SendDetailsByURLScema/Info.plist;
				IPHONEOS_DEPLOYMENT_TARGET = 9.0;
				LD_RUNPATH_SEARCH_PATHS = "$(inherited) @executable_path/Frameworks";
				PRODUCT_BUNDLE_IDENTIFIER = com.pk.SendDetailsByURLScema;
				PRODUCT_NAME = "$(TARGET_NAME)";
				TARGETED_DEVICE_FAMILY = "1,2";
			};
			name = Debug;
		};
		D494081F1FDD5CC6006D7F1D /* Release */ = {
			isa = XCBuildConfiguration;
			buildSettings = {
				ASSETCATALOG_COMPILER_APPICON_NAME = AppIcon;
				CODE_SIGN_STYLE = Automatic;
				DEVELOPMENT_TEAM = E638AEDMEK;
				INFOPLIST_FILE = SendDetailsByURLScema/Info.plist;
				IPHONEOS_DEPLOYMENT_TARGET = 9.0;
				LD_RUNPATH_SEARCH_PATHS = "$(inherited) @executable_path/Frameworks";
				PRODUCT_BUNDLE_IDENTIFIER = com.pk.SendDetailsByURLScema;
				PRODUCT_NAME = "$(TARGET_NAME)";
				TARGETED_DEVICE_FAMILY = "1,2";
			};
			name = Release;
		};
/* End XCBuildConfiguration section */

/* Begin XCConfigurationList section */
		D49408021FDD5CC6006D7F1D /* Build configuration list for PBXProject "SendDetailsByURLScema" */ = {
			isa = XCConfigurationList;
			buildConfigurations = (
				D494081B1FDD5CC6006D7F1D /* Debug */,
				D494081C1FDD5CC6006D7F1D /* Release */,
			);
			defaultConfigurationIsVisible = 0;
			defaultConfigurationName = Release;
		};
		D494081D1FDD5CC6006D7F1D /* Build configuration list for PBXNativeTarget "SendDetailsByURLScema" */ = {
			isa = XCConfigurationList;
			buildConfigurations = (
				D494081E1FDD5CC6006D7F1D /* Debug */,
				D494081F1FDD5CC6006D7F1D /* Release */,
			);
			defaultConfigurationIsVisible = 0;
			defaultConfigurationName = Release;
		};
/* End XCConfigurationList section */
	};
	rootObject = D49407FF1FDD5CC6006D7F1D /* Project object */;
}
